// !$*UTF8*$!
{
	archiveVersion = 1;
	classes = {
	};
	objectVersion = 46;
	objects = {

/* Begin PBXBuildFile section */
		DEF733BD19B5A71400F6BCB8 /* Foundation.framework in Frameworks */ = {isa = PBXBuildFile; fileRef = DEF733BC19B5A71400F6BCB8 /* Foundation.framework */; };
		DEF733BF19B5A71400F6BCB8 /* CoreGraphics.framework in Frameworks */ = {isa = PBXBuildFile; fileRef = DEF733BE19B5A71400F6BCB8 /* CoreGraphics.framework */; };
		DEF733C119B5A71400F6BCB8 /* UIKit.framework in Frameworks */ = {isa = PBXBuildFile; fileRef = DEF733C019B5A71400F6BCB8 /* UIKit.framework */; };
		DEF733C719B5A71400F6BCB8 /* InfoPlist.strings in Resources */ = {isa = PBXBuildFile; fileRef = DEF733C519B5A71400F6BCB8 /* InfoPlist.strings */; };
		DEF733C919B5A71400F6BCB8 /* main.m in Sources */ = {isa = PBXBuildFile; fileRef = DEF733C819B5A71400F6BCB8 /* main.m */; };
		DEF733CD19B5A71400F6BCB8 /* AppDelegate.m in Sources */ = {isa = PBXBuildFile; fileRef = DEF733CC19B5A71400F6BCB8 /* AppDelegate.m */; };
		DEF733CF19B5A71400F6BCB8 /* Images.xcassets in Resources */ = {isa = PBXBuildFile; fileRef = DEF733CE19B5A71400F6BCB8 /* Images.xcassets */; };
		DEF733D619B5A71400F6BCB8 /* XCTest.framework in Frameworks */ = {isa = PBXBuildFile; fileRef = DEF733D519B5A71400F6BCB8 /* XCTest.framework */; };
		DEF733D719B5A71400F6BCB8 /* Foundation.framework in Frameworks */ = {isa = PBXBuildFile; fileRef = DEF733BC19B5A71400F6BCB8 /* Foundation.framework */; };
		DEF733D819B5A71400F6BCB8 /* UIKit.framework in Frameworks */ = {isa = PBXBuildFile; fileRef = DEF733C019B5A71400F6BCB8 /* UIKit.framework */; };
		DEF733E019B5A71400F6BCB8 /* InfoPlist.strings in Resources */ = {isa = PBXBuildFile; fileRef = DEF733DE19B5A71400F6BCB8 /* InfoPlist.strings */; };
		DEF733E219B5A71400F6BCB8 /* SimpleTableViewTests.m in Sources */ = {isa = PBXBuildFile; fileRef = DEF733E119B5A71400F6BCB8 /* SimpleTableViewTests.m */; };
		DEF733ED19B5A79A00F6BCB8 /* MainViewController.m in Sources */ = {isa = PBXBuildFile; fileRef = DEF733EC19B5A79A00F6BCB8 /* MainViewController.m */; };
		DEF733EF19B5B33600F6BCB8 /* userinfo_vip_background@2x.png in Resources */ = {isa = PBXBuildFile; fileRef = DEF733EE19B5B33600F6BCB8 /* userinfo_vip_background@2x.png */; };
		DEF733F119B5C1A600F6BCB8 /* ICN_info_ON.png in Resources */ = {isa = PBXBuildFile; fileRef = DEF733F019B5C1A600F6BCB8 /* ICN_info_ON.png */; };
/* End PBXBuildFile section */

/* Begin PBXContainerItemProxy section */
		DEF733D919B5A71400F6BCB8 /* PBXContainerItemProxy */ = {
			isa = PBXContainerItemProxy;
			containerPortal = DEF733B119B5A71400F6BCB8 /* Project object */;
			proxyType = 1;
			remoteGlobalIDString = DEF733B819B5A71400F6BCB8;
			remoteInfo = SimpleTableView;
		};
/* End PBXContainerItemProxy section */

/* Begin PBXFileReference section */
		DEF733B919B5A71400F6BCB8 /* SimpleTableView.app */ = {isa = PBXFileReference; explicitFileType = wrapper.application; includeInIndex = 0; path = SimpleTableView.app; sourceTree = BUILT_PRODUCTS_DIR; };
		DEF733BC19B5A71400F6BCB8 /* Foundation.framework */ = {isa = PBXFileReference; lastKnownFileType = wrapper.framework; name = Foundation.framework; path = System/Library/Frameworks/Foundation.framework; sourceTree = SDKROOT; };
		DEF733BE19B5A71400F6BCB8 /* CoreGraphics.framework */ = {isa = PBXFileReference; lastKnownFileType = wrapper.framework; name = CoreGraphics.framework; path = System/Library/Frameworks/CoreGraphics.framework; sourceTree = SDKROOT; };
		DEF733C019B5A71400F6BCB8 /* UIKit.framework */ = {isa = PBXFileReference; lastKnownFileType = wrapper.framework; name = UIKit.framework; path = System/Library/Frameworks/UIKit.framework; sourceTree = SDKROOT; };
		DEF733C419B5A71400F6BCB8 /* SimpleTableView-Info.plist */ = {isa = PBXFileReference; lastKnownFileType = text.plist.xml; path = "SimpleTableView-Info.plist"; sourceTree = "<group>"; };
		DEF733C619B5A71400F6BCB8 /* en */ = {isa = PBXFileReference; lastKnownFileType = text.plist.strings; name = en; path = en.lproj/InfoPlist.strings; sourceTree = "<group>"; };
		DEF733C819B5A71400F6BCB8 /* main.m */ = {isa = PBXFileReference; lastKnownFileType = sourcecode.c.objc; path = main.m; sourceTree = "<group>"; };
		DEF733CA19B5A71400F6BCB8 /* SimpleTableView-Prefix.pch */ = {isa = PBXFileReference; lastKnownFileType = sourcecode.c.h; path = "SimpleTableView-Prefix.pch"; sourceTree = "<group>"; };
		DEF733CB19B5A71400F6BCB8 /* AppDelegate.h */ = {isa = PBXFileReference; lastKnownFileType = sourcecode.c.h; path = AppDelegate.h; sourceTree = "<group>"; };
		DEF733CC19B5A71400F6BCB8 /* AppDelegate.m */ = {isa = PBXFileReference; lastKnownFileType = sourcecode.c.objc; path = AppDelegate.m; sourceTree = "<group>"; };
		DEF733CE19B5A71400F6BCB8 /* Images.xcassets */ = {isa = PBXFileReference; lastKnownFileType = folder.assetcatalog; path = Images.xcassets; sourceTree = "<group>"; };
		DEF733D419B5A71400F6BCB8 /* SimpleTableViewTests.xctest */ = {isa = PBXFileReference; explicitFileType = wrapper.cfbundle; includeInIndex = 0; path = SimpleTableViewTests.xctest; sourceTree = BUILT_PRODUCTS_DIR; };
		DEF733D519B5A71400F6BCB8 /* XCTest.framework */ = {isa = PBXFileReference; lastKnownFileType = wrapper.framework; name = XCTest.framework; path = Library/Frameworks/XCTest.framework; sourceTree = DEVELOPER_DIR; };
		DEF733DD19B5A71400F6BCB8 /* SimpleTableViewTests-Info.plist */ = {isa = PBXFileReference; lastKnownFileType = text.plist.xml; path = "SimpleTableViewTests-Info.plist"; sourceTree = "<group>"; };
		DEF733DF19B5A71400F6BCB8 /* en */ = {isa = PBXFileReference; lastKnownFileType = text.plist.strings; name = en; path = en.lproj/InfoPlist.strings; sourceTree = "<group>"; };
		DEF733E119B5A71400F6BCB8 /* SimpleTableViewTests.m */ = {isa = PBXFileReference; lastKnownFileType = sourcecode.c.objc; path = SimpleTableViewTests.m; sourceTree = "<group>"; };
		DEF733EB19B5A79A00F6BCB8 /* MainViewController.h */ = {isa = PBXFileReference; fileEncoding = 4; lastKnownFileType = sourcecode.c.h; path = MainViewController.h; sourceTree = "<group>"; };
		DEF733EC19B5A79A00F6BCB8 /* MainViewController.m */ = {isa = PBXFileReference; fileEncoding = 4; lastKnownFileType = sourcecode.c.objc; path = MainViewController.m; sourceTree = "<group>"; };
		DEF733EE19B5B33600F6BCB8 /* userinfo_vip_background@2x.png */ = {isa = PBXFileReference; lastKnownFileType = image.png; path = "userinfo_vip_background@2x.png"; sourceTree = "<group>"; };
		DEF733F019B5C1A600F6BCB8 /* ICN_info_ON.png */ = {isa = PBXFileReference; lastKnownFileType = image.png; path = ICN_info_ON.png; sourceTree = "<group>"; };
/* End PBXFileReference section */

/* Begin PBXFrameworksBuildPhase section */
		DEF733B619B5A71400F6BCB8 /* Frameworks */ = {
			isa = PBXFrameworksBuildPhase;
			buildActionMask = 2147483647;
			files = (
				DEF733BF19B5A71400F6BCB8 /* CoreGraphics.framework in Frameworks */,
				DEF733C119B5A71400F6BCB8 /* UIKit.framework in Frameworks */,
				DEF733BD19B5A71400F6BCB8 /* Foundation.framework in Frameworks */,
			);
			runOnlyForDeploymentPostprocessing = 0;
		};
		DEF733D119B5A71400F6BCB8 /* Frameworks */ = {
			isa = PBXFrameworksBuildPhase;
			buildActionMask = 2147483647;
			files = (
				DEF733D619B5A71400F6BCB8 /* XCTest.framework in Frameworks */,
				DEF733D819B5A71400F6BCB8 /* UIKit.framework in Frameworks */,
				DEF733D719B5A71400F6BCB8 /* Foundation.framework in Frameworks */,
			);
			runOnlyForDeploymentPostprocessing = 0;
		};
/* End PBXFrameworksBuildPhase section */

/* Begin PBXGroup section */
		DEF733B019B5A71400F6BCB8 = {
			isa = PBXGroup;
			children = (
				DEF733C219B5A71400F6BCB8 /* SimpleTableView */,
				DEF733DB19B5A71400F6BCB8 /* SimpleTableViewTests */,
				DEF733BB19B5A71400F6BCB8 /* Frameworks */,
				DEF733BA19B5A71400F6BCB8 /* Products */,
			);
			sourceTree = "<group>";
		};
		DEF733BA19B5A71400F6BCB8 /* Products */ = {
			isa = PBXGroup;
			children = (
				DEF733B919B5A71400F6BCB8 /* SimpleTableView.app */,
				DEF733D419B5A71400F6BCB8 /* SimpleTableViewTests.xctest */,
			);
			name = Products;
			sourceTree = "<group>";
		};
		DEF733BB19B5A71400F6BCB8 /* Frameworks */ = {
			isa = PBXGroup;
			children = (
				DEF733BC19B5A71400F6BCB8 /* Foundation.framework */,
				DEF733BE19B5A71400F6BCB8 /* CoreGraphics.framework */,
				DEF733C019B5A71400F6BCB8 /* UIKit.framework */,
				DEF733D519B5A71400F6BCB8 /* XCTest.framework */,
			);
			name = Frameworks;
			sourceTree = "<group>";
		};
		DEF733C219B5A71400F6BCB8 /* SimpleTableView */ = {
			isa = PBXGroup;
			children = (
				DEF733F019B5C1A600F6BCB8 /* ICN_info_ON.png */,
				DEF733EE19B5B33600F6BCB8 /* userinfo_vip_background@2x.png */,
				DEF733CB19B5A71400F6BCB8 /* AppDelegate.h */,
				DEF733CC19B5A71400F6BCB8 /* AppDelegate.m */,
				DEF733EB19B5A79A00F6BCB8 /* MainViewController.h */,
				DEF733EC19B5A79A00F6BCB8 /* MainViewController.m */,
				DEF733CE19B5A71400F6BCB8 /* Images.xcassets */,
				DEF733C319B5A71400F6BCB8 /* Supporting Files */,
			);
			path = SimpleTableView;
			sourceTree = "<group>";
		};
		DEF733C319B5A71400F6BCB8 /* Supporting Files */ = {
			isa = PBXGroup;
			children = (
				DEF733C419B5A71400F6BCB8 /* SimpleTableView-Info.plist */,
				DEF733C519B5A71400F6BCB8 /* InfoPlist.strings */,
				DEF733C819B5A71400F6BCB8 /* main.m */,
				DEF733CA19B5A71400F6BCB8 /* SimpleTableView-Prefix.pch */,
			);
			name = "Supporting Files";
			sourceTree = "<group>";
		};
		DEF733DB19B5A71400F6BCB8 /* SimpleTableViewTests */ = {
			isa = PBXGroup;
			children = (
				DEF733E119B5A71400F6BCB8 /* SimpleTableViewTests.m */,
				DEF733DC19B5A71400F6BCB8 /* Supporting Files */,
			);
			path = SimpleTableViewTests;
			sourceTree = "<group>";
		};
		DEF733DC19B5A71400F6BCB8 /* Supporting Files */ = {
			isa = PBXGroup;
			children = (
				DEF733DD19B5A71400F6BCB8 /* SimpleTableViewTests-Info.plist */,
				DEF733DE19B5A71400F6BCB8 /* InfoPlist.strings */,
			);
			name = "Supporting Files";
			sourceTree = "<group>";
		};
/* End PBXGroup section */

/* Begin PBXNativeTarget section */
		DEF733B819B5A71400F6BCB8 /* SimpleTableView */ = {
			isa = PBXNativeTarget;
			buildConfigurationList = DEF733E519B5A71400F6BCB8 /* Build configuration list for PBXNativeTarget "SimpleTableView" */;
			buildPhases = (
				DEF733B519B5A71400F6BCB8 /* Sources */,
				DEF733B619B5A71400F6BCB8 /* Frameworks */,
				DEF733B719B5A71400F6BCB8 /* Resources */,
			);
			buildRules = (
			);
			dependencies = (
			);
			name = SimpleTableView;
			productName = SimpleTableView;
			productReference = DEF733B919B5A71400F6BCB8 /* SimpleTableView.app */;
			productType = "com.apple.product-type.application";
		};
		DEF733D319B5A71400F6BCB8 /* SimpleTableViewTests */ = {
			isa = PBXNativeTarget;
			buildConfigurationList = DEF733E819B5A71400F6BCB8 /* Build configuration list for PBXNativeTarget "SimpleTableViewTests" */;
			buildPhases = (
				DEF733D019B5A71400F6BCB8 /* Sources */,
				DEF733D119B5A71400F6BCB8 /* Frameworks */,
				DEF733D219B5A71400F6BCB8 /* Resources */,
			);
			buildRules = (
			);
			dependencies = (
				DEF733DA19B5A71400F6BCB8 /* PBXTargetDependency */,
			);
			name = SimpleTableViewTests;
			productName = SimpleTableViewTests;
			productReference = DEF733D419B5A71400F6BCB8 /* SimpleTableViewTests.xctest */;
			productType = "com.apple.product-type.bundle.unit-test";
		};
/* End PBXNativeTarget section */

/* Begin PBXProject section */
		DEF733B119B5A71400F6BCB8 /* Project object */ = {
			isa = PBXProject;
			attributes = {
				LastUpgradeCheck = 0510;
				ORGANIZATIONNAME = apple;
				TargetAttributes = {
					DEF733D319B5A71400F6BCB8 = {
						TestTargetID = DEF733B819B5A71400F6BCB8;
					};
				};
			};
			buildConfigurationList = DEF733B419B5A71400F6BCB8 /* Build configuration list for PBXProject "SimpleTableView" */;
			compatibilityVersion = "Xcode 3.2";
			developmentRegion = English;
			hasScannedForEncodings = 0;
			knownRegions = (
				en,
			);
			mainGroup = DEF733B019B5A71400F6BCB8;
			productRefGroup = DEF733BA19B5A71400F6BCB8 /* Products */;
			projectDirPath = "";
			projectRoot = "";
			targets = (
				DEF733B819B5A71400F6BCB8 /* SimpleTableView */,
				DEF733D319B5A71400F6BCB8 /* SimpleTableViewTests */,
			);
		};
/* End PBXProject section */

/* Begin PBXResourcesBuildPhase section */
		DEF733B719B5A71400F6BCB8 /* Resources */ = {
			isa = PBXResourcesBuildPhase;
			buildActionMask = 2147483647;
			files = (
				DEF733EF19B5B33600F6BCB8 /* userinfo_vip_background@2x.png in Resources */,
				DEF733C719B5A71400F6BCB8 /* InfoPlist.strings in Resources */,
				DEF733CF19B5A71400F6BCB8 /* Images.xcassets in Resources */,
				DEF733F119B5C1A600F6BCB8 /* ICN_info_ON.png in Resources */,
			);
			runOnlyForDeploymentPostprocessing = 0;
		};
		DEF733D219B5A71400F6BCB8 /* Resources */ = {
			isa = PBXResourcesBuildPhase;
			buildActionMask = 2147483647;
			files = (
				DEF733E019B5A71400F6BCB8 /* InfoPlist.strings in Resources */,
			);
			runOnlyForDeploymentPostprocessing = 0;
		};
/* End PBXResourcesBuildPhase section */

/* Begin PBXSourcesBuildPhase section */
		DEF733B519B5A71400F6BCB8 /* Sources */ = {
			isa = PBXSourcesBuildPhase;
			buildActionMask = 2147483647;
			files = (
				DEF733CD19B5A71400F6BCB8 /* AppDelegate.m in Sources */,
				DEF733ED19B5A79A00F6BCB8 /* MainViewController.m in Sources */,
				DEF733C919B5A71400F6BCB8 /* main.m in Sources */,
			);
			runOnlyForDeploymentPostprocessing = 0;
		};
		DEF733D019B5A71400F6BCB8 /* Sources */ = {
			isa = PBXSourcesBuildPhase;
			buildActionMask = 2147483647;
			files = (
				DEF733E219B5A71400F6BCB8 /* SimpleTableViewTests.m in Sources */,
			);
			runOnlyForDeploymentPostprocessing = 0;
		};
/* End PBXSourcesBuildPhase section */

/* Begin PBXTargetDependency section */
		DEF733DA19B5A71400F6BCB8 /* PBXTargetDependency */ = {
			isa = PBXTargetDependency;
			target = DEF733B819B5A71400F6BCB8 /* SimpleTableView */;
			targetProxy = DEF733D919B5A71400F6BCB8 /* PBXContainerItemProxy */;
		};
/* End PBXTargetDependency section */

/* Begin PBXVariantGroup section */
		DEF733C519B5A71400F6BCB8 /* InfoPlist.strings */ = {
			isa = PBXVariantGroup;
			children = (
				DEF733C619B5A71400F6BCB8 /* en */,
			);
			name = InfoPlist.strings;
			sourceTree = "<group>";
		};
		DEF733DE19B5A71400F6BCB8 /* InfoPlist.strings */ = {
			isa = PBXVariantGroup;
			children = (
				DEF733DF19B5A71400F6BCB8 /* en */,
			);
			name = InfoPlist.strings;
			sourceTree = "<group>";
		};
/* End PBXVariantGroup section */

/* Begin XCBuildConfiguration section */
		DEF733E319B5A71400F6BCB8 /* Debug */ = {
			isa = XCBuildConfiguration;
			buildSettings = {
				ALWAYS_SEARCH_USER_PATHS = NO;
				CLANG_CXX_LANGUAGE_STANDARD = "gnu++0x";
				CLANG_CXX_LIBRARY = "libc++";
				CLANG_ENABLE_MODULES = YES;
				CLANG_ENABLE_OBJC_ARC = YES;
				CLANG_WARN_BOOL_CONVERSION = YES;
				CLANG_WARN_CONSTANT_CONVERSION = YES;
				CLANG_WARN_DIRECT_OBJC_ISA_USAGE = YES_ERROR;
				CLANG_WARN_EMPTY_BODY = YES;
				CLANG_WARN_ENUM_CONVERSION = YES;
				CLANG_WARN_INT_CONVERSION = YES;
				CLANG_WARN_OBJC_ROOT_CLASS = YES_ERROR;
				CLANG_WARN__DUPLICATE_METHOD_MATCH = YES;
				"CODE_SIGN_IDENTITY[sdk=iphoneos*]" = "iPhone Developer";
				COPY_PHASE_STRIP = NO;
				GCC_C_LANGUAGE_STANDARD = gnu99;
				GCC_DYNAMIC_NO_PIC = NO;
				GCC_OPTIMIZATION_LEVEL = 0;
				GCC_PREPROCESSOR_DEFINITIONS = (
					"DEBUG=1",
					"$(inherited)",
				);
				GCC_SYMBOLS_PRIVATE_EXTERN = NO;
				GCC_WARN_64_TO_32_BIT_CONVERSION = YES;
				GCC_WARN_ABOUT_RETURN_TYPE = YES_ERROR;
				GCC_WARN_UNDECLARED_SELECTOR = YES;
				GCC_WARN_UNINITIALIZED_AUTOS = YES_AGGRESSIVE;
				GCC_WARN_UNUSED_FUNCTION = YES;
				GCC_WARN_UNUSED_VARIABLE = YES;
				IPHONEOS_DEPLOYMENT_TARGET = 7.1;
				ONLY_ACTIVE_ARCH = YES;
				SDKROOT = iphoneos;
			};
			name = Debug;
		};
		DEF733E419B5A71400F6BCB8 /* Release */ = {
			isa = XCBuildConfiguration;
			buildSettings = {
				ALWAYS_SEARCH_USER_PATHS = NO;
				CLANG_CXX_LANGUAGE_STANDARD = "gnu++0x";
				CLANG_CXX_LIBRARY = "libc++";
				CLANG_ENABLE_MODULES = YES;
				CLANG_ENABLE_OBJC_ARC = YES;
				CLANG_WARN_BOOL_CONVERSION = YES;
				CLANG_WARN_CONSTANT_CONVERSION = YES;
				CLANG_WARN_DIRECT_OBJC_ISA_USAGE = YES_ERROR;
				CLANG_WARN_EMPTY_BODY = YES;
				CLANG_WARN_ENUM_CONVERSION = YES;
				CLANG_WARN_INT_CONVERSION = YES;
				CLANG_WARN_OBJC_ROOT_CLASS = YES_ERROR;
				CLANG_WARN__DUPLICATE_METHOD_MATCH = YES;
				"CODE_SIGN_IDENTITY[sdk=iphoneos*]" = "iPhone Developer";
				COPY_PHASE_STRIP = YES;
				ENABLE_NS_ASSERTIONS = NO;
				GCC_C_LANGUAGE_STANDARD = gnu99;
				GCC_WARN_64_TO_32_BIT_CONVERSION = YES;
				GCC_WARN_ABOUT_RETURN_TYPE = YES_ERROR;
				GCC_WARN_UNDECLARED_SELECTOR = YES;
				GCC_WARN_UNINITIALIZED_AUTOS = YES_AGGRESSIVE;
				GCC_WARN_UNUSED_FUNCTION = YES;
				GCC_WARN_UNUSED_VARIABLE = YES;
				IPHONEOS_DEPLOYMENT_TARGET = 7.1;
				SDKROOT = iphoneos;
				VALIDATE_PRODUCT = YES;
			};
			name = Release;
		};
		DEF733E619B5A71400F6BCB8 /* Debug */ = {
			isa = XCBuildConfiguration;
			buildSettings = {
				ASSETCATALOG_COMPILER_APPICON_NAME = AppIcon;
				ASSETCATALOG_COMPILER_LAUNCHIMAGE_NAME = LaunchImage;
				GCC_PRECOMPILE_PREFIX_HEADER = YES;
				GCC_PREFIX_HEADER = "SimpleTableView/SimpleTableView-Prefix.pch";
				INFOPLIST_FILE = "SimpleTableView/SimpleTableView-Info.plist";
				PRODUCT_NAME = "$(TARGET_NAME)";
				WRAPPER_EXTENSION = app;
			};
			name = Debug;
		};
		DEF733E719B5A71400F6BCB8 /* Release */ = {
			isa = XCBuildConfiguration;
			buildSettings = {
				ASSETCATALOG_COMPILER_APPICON_NAME = AppIcon;
				ASSETCATALOG_COMPILER_LAUNCHIMAGE_NAME = LaunchImage;
				GCC_PRECOMPILE_PREFIX_HEADER = YES;
				GCC_PREFIX_HEADER = "SimpleTableView/SimpleTableView-Prefix.pch";
				INFOPLIST_FILE = "SimpleTableView/SimpleTableView-Info.plist";
				PRODUCT_NAME = "$(TARGET_NAME)";
				WRAPPER_EXTENSION = app;
			};
			name = Release;
		};
		DEF733E919B5A71400F6BCB8 /* Debug */ = {
			isa = XCBuildConfiguration;
			buildSettings = {
				BUNDLE_LOADER = "$(BUILT_PRODUCTS_DIR)/SimpleTableView.app/SimpleTableView";
				FRAMEWORK_SEARCH_PATHS = (
					"$(SDKROOT)/Developer/Library/Frameworks",
					"$(inherited)",
					"$(DEVELOPER_FRAMEWORKS_DIR)",
				);
				GCC_PRECOMPILE_PREFIX_HEADER = YES;
				GCC_PREFIX_HEADER = "SimpleTableView/SimpleTableView-Prefix.pch";
				GCC_PREPROCESSOR_DEFINITIONS = (
					"DEBUG=1",
					"$(inherited)",
				);
				INFOPLIST_FILE = "SimpleTableViewTests/SimpleTableViewTests-Info.plist";
				PRODUCT_NAME = "$(TARGET_NAME)";
				TEST_HOST = "$(BUNDLE_LOADER)";
				WRAPPER_EXTENSION = xctest;
			};
			name = Debug;
		};
		DEF733EA19B5A71400F6BCB8 /* Release */ = {
			isa = XCBuildConfiguration;
			buildSettings = {
				BUNDLE_LOADER = "$(BUILT_PRODUCTS_DIR)/SimpleTableView.app/SimpleTableView";
				FRAMEWORK_SEARCH_PATHS = (
					"$(SDKROOT)/Developer/Library/Frameworks",
					"$(inherited)",
					"$(DEVELOPER_FRAMEWORKS_DIR)",
				);
				GCC_PRECOMPILE_PREFIX_HEADER = YES;
				GCC_PREFIX_HEADER = "SimpleTableView/SimpleTableView-Prefix.pch";
				INFOPLIST_FILE = "SimpleTableViewTests/SimpleTableViewTests-Info.plist";
				PRODUCT_NAME = "$(TARGET_NAME)";
				TEST_HOST = "$(BUNDLE_LOADER)";
				WRAPPER_EXTENSION = xctest;
			};
			name = Release;
		};
/* End XCBuildConfiguration section */

/* Begin XCConfigurationList section */
		DEF733B419B5A71400F6BCB8 /* Build configuration list for PBXProject "SimpleTableView" */ = {
			isa = XCConfigurationList;
			buildConfigurations = (
				DEF733E319B5A71400F6BCB8 /* Debug */,
				DEF733E419B5A71400F6BCB8 /* Release */,
			);
			defaultConfigurationIsVisible = 0;
			defaultConfigurationName = Release;
		};
		DEF733E519B5A71400F6BCB8 /* Build configuration list for PBXNativeTarget "SimpleTableView" */ = {
			isa = XCConfigurationList;
			buildConfigurations = (
				DEF733E619B5A71400F6BCB8 /* Debug */,
				DEF733E719B5A71400F6BCB8 /* Release */,
			);
			defaultConfigurationIsVisible = 0;
			defaultConfigurationName = Release;
		};
		DEF733E819B5A71400F6BCB8 /* Build configuration list for PBXNativeTarget "SimpleTableViewTests" */ = {
			isa = XCConfigurationList;
			buildConfigurations = (
				DEF733E919B5A71400F6BCB8 /* Debug */,
				DEF733EA19B5A71400F6BCB8 /* Release */,
			);
			defaultConfigurationIsVisible = 0;
			defaultConfigurationName = Release;
		};
/* End XCConfigurationList section */
	};
	rootObject = DEF733B119B5A71400F6BCB8 /* Project object */;
}
